
Microsoft Visual Studio Solution File, Format Version 12.00
# Visual Studio Version 16
VisualStudioVersion = 16.0.30128.74
MinimumVisualStudioVersion = 10.0.40219.1
Project("{9A19103F-16F7-4668-BE54-9A1E7A4F7556}") = "BethanysPieShopHRM.App", "BethanysPieShopHRM.App\BethanysPieShopHRM.App.csproj", "{8679C595-3B05-49C9-B61A-C487896BD74C}"
EndProject
Project("{9A19103F-16F7-4668-BE54-9A1E7A4F7556}") = "BethanysPieShopHRM.Shared", "BethanysPieShopHRM.Shared\BethanysPieShopHRM.Shared.csproj", "{8C7FE361-468A-4E9F-9D33-271A9AFE8AC6}"
EndProject
Project("{9A19103F-16F7-4668-BE54-9A1E7A4F7556}") = "BethanysPieShopHRM.Api", "BethanysPieShopHRM.Api\BethanysPieShopHRM.Api.csproj", "{8620383B-0CFD-4CCA-A6E5-C6DFE51F0B0A}"
EndProject
Global
	GlobalSection(SolutionConfigurationPlatforms) = preSolution
		Debug|Any CPU = Debug|Any CPU
		Release|Any CPU = Release|Any CPU
	EndGlobalSection
	GlobalSection(ProjectConfigurationPlatforms) = postSolution
		{8679C595-3B05-49C9-B61A-C487896BD74C}.Debug|Any CPU.ActiveCfg = Debug|Any CPU
		{8679C595-3B05-49C9-B61A-C487896BD74C}.Debug|Any CPU.Build.0 = Debug|Any CPU
		{8679C595-3B05-49C9-B61A-C487896BD74C}.Release|Any CPU.ActiveCfg = Release|Any CPU
		{8679C595-3B05-49C9-B61A-C487896BD74C}.Release|Any CPU.Build.0 = Release|Any CPU
		{8C7FE361-468A-4E9F-9D33-271A9AFE8AC6}.Debug|Any CPU.ActiveCfg = Debug|Any CPU
		{8C7FE361-468A-4E9F-9D33-271A9AFE8AC6}.Debug|Any CPU.Build.0 = Debug|Any CPU
		{8C7FE361-468A-4E9F-9D33-271A9AFE8AC6}.Release|Any CPU.ActiveCfg = Release|Any CPU
		{8C7FE361-468A-4E9F-9D33-271A9AFE8AC6}.Release|Any CPU.Build.0 = Release|Any CPU
		{8620383B-0CFD-4CCA-A6E5-C6DFE51F0B0A}.Debug|Any CPU.ActiveCfg = Debug|Any CPU
		{8620383B-0CFD-4CCA-A6E5-C6DFE51F0B0A}.Debug|Any CPU.Build.0 = Debug|Any CPU
		{8620383B-0CFD-4CCA-A6E5-C6DFE51F0B0A}.Release|Any CPU.ActiveCfg = Release|Any CPU
		{8620383B-0CFD-4CCA-A6E5-C6DFE51F0B0A}.Release|Any CPU.Build.0 = Release|Any CPU
	EndGlobalSection
	GlobalSection(SolutionProperties) = preSolution
		HideSolutionNode = FALSE
	EndGlobalSection
	GlobalSection(ExtensibilityGlobals) = postSolution
		SolutionGuid = {2377C3DF-3576-4502-97A4-6B09AD71457A}
	EndGlobalSection
EndGlobal
